
Microsoft Visual Studio Solution File, Format Version 12.00
# Visual Studio Version 16
VisualStudioVersion = 16.0.31702.278
MinimumVisualStudioVersion = 10.0.40219.1
Project("{FAE04EC0-301F-11D3-BF4B-00C04F79EFBC}") = "TestWorkMVVP", "TestWorkMVVP\TestWorkMVVP.csproj", "{7F7F9050-BB7D-401B-85E6-50647B512637}"
EndProject
Global
	GlobalSection(SolutionConfigurationPlatforms) = preSolution
		Debug|Any CPU = Debug|Any CPU
		Release|Any CPU = Release|Any CPU
	EndGlobalSection
	GlobalSection(ProjectConfigurationPlatforms) = postSolution
		{7F7F9050-BB7D-401B-85E6-50647B512637}.Debug|Any CPU.ActiveCfg = Debug|Any CPU
		{7F7F9050-BB7D-401B-85E6-50647B512637}.Debug|Any CPU.Build.0 = Debug|Any CPU
		{7F7F9050-BB7D-401B-85E6-50647B512637}.Release|Any CPU.ActiveCfg = Release|Any CPU
		{7F7F9050-BB7D-401B-85E6-50647B512637}.Release|Any CPU.Build.0 = Release|Any CPU
	EndGlobalSection
	GlobalSection(SolutionProperties) = preSolution
		HideSolutionNode = FALSE
	EndGlobalSection
	GlobalSection(ExtensibilityGlobals) = postSolution
		SolutionGuid = {644A0A4D-D079-49B8-9537-271D5401E72E}
	EndGlobalSection
EndGlobal
